Microsoft Visual Studio Solution File, Format Version 11.00
# Visual Studio 2008

Project("{5CC3B6B4-34FB-DDDA-0C10-4B0CC6132B67}") = "Unity 11.12", "Assembly-CSharp.csproj", "{58E92B35-DCED-D670-BF35-1BBFDF945715}"
EndProject
Project("{5CC3B6B4-34FB-DDDA-0C10-4B0CC6132B67}") = "Unity 11.12", "Assembly-CSharp-Editor.csproj", "{646DA454-92E5-95A8-7EB0-5620324EC5F1}"
EndProject
Global
	GlobalSection(SolutionConfigurationPlatforms) = preSolution
		Debug|Any CPU = Debug|Any CPU
		Release|Any CPU = Release|Any CPU
	EndGlobalSection
	GlobalSection(ProjectConfigurationPlatforms) = postSolution
		{58E92B35-DCED-D670-BF35-1BBFDF945715}.Debug|Any CPU.ActiveCfg = Debug|Any CPU
		{58E92B35-DCED-D670-BF35-1BBFDF945715}.Debug|Any CPU.Build.0 = Debug|Any CPU
		{58E92B35-DCED-D670-BF35-1BBFDF945715}.Release|Any CPU.ActiveCfg = Release|Any CPU
		{58E92B35-DCED-D670-BF35-1BBFDF945715}.Release|Any CPU.Build.0 = Release|Any CPU
		{646DA454-92E5-95A8-7EB0-5620324EC5F1}.Debug|Any CPU.ActiveCfg = Debug|Any CPU
		{646DA454-92E5-95A8-7EB0-5620324EC5F1}.Debug|Any CPU.Build.0 = Debug|Any CPU
		{646DA454-92E5-95A8-7EB0-5620324EC5F1}.Release|Any CPU.ActiveCfg = Release|Any CPU
		{646DA454-92E5-95A8-7EB0-5620324EC5F1}.Release|Any CPU.Build.0 = Release|Any CPU
	EndGlobalSection
	GlobalSection(SolutionProperties) = preSolution
		HideSolutionNode = FALSE
	EndGlobalSection
	GlobalSection(MonoDevelopProperties) = preSolution
		StartupItem = Assembly-CSharp.csproj
	EndGlobalSection
EndGlobal
